// !$*UTF8*$!
{
	archiveVersion = 1;
	classes = {
	};
	objectVersion = 46;
	objects = {

/* Begin PBXBuildFile section */
		486DF33F1C9A4A04002B4910 /* Contacts.framework in Frameworks */ = {isa = PBXBuildFile; fileRef = 486DF33E1C9A4A04002B4910 /* Contacts.framework */; };
		487B1B201CAA0DF300EB4EF4 /* libsqlite3.0.tbd in Frameworks */ = {isa = PBXBuildFile; fileRef = 487B1B1F1CAA0DF300EB4EF4 /* libsqlite3.0.tbd */; };
		48EC6F411C44A73D00A88818 /* Main.storyboard in Resources */ = {isa = PBXBuildFile; fileRef = 48EC6F3F1C44A73D00A88818 /* Main.storyboard */; };
		48EC6F431C44A73D00A88818 /* Assets.xcassets in Resources */ = {isa = PBXBuildFile; fileRef = 48EC6F421C44A73D00A88818 /* Assets.xcassets */; };
		48EC6F461C44A73D00A88818 /* LaunchScreen.storyboard in Resources */ = {isa = PBXBuildFile; fileRef = 48EC6F441C44A73D00A88818 /* LaunchScreen.storyboard */; };
		48EC6F511C44A73D00A88818 /* EmergencyApplicationTests.swift in Sources */ = {isa = PBXBuildFile; fileRef = 48EC6F501C44A73D00A88818 /* EmergencyApplicationTests.swift */; };
		DC0B730D36EF2E700365EE20 /* Pods_EmergencyApplication.framework in Frameworks */ = {isa = PBXBuildFile; fileRef = 468CD30FABBDAE5DD640445A /* Pods_EmergencyApplication.framework */; };
		F73EA69D1CEABE7B0061F0CE /* GoogleService-Info.plist in Resources */ = {isa = PBXBuildFile; fileRef = F73EA69C1CEABE7B0061F0CE /* GoogleService-Info.plist */; };
		F79C9F7A1CEC2C5A007B7831 /* CoreLocation.framework in Frameworks */ = {isa = PBXBuildFile; fileRef = F79C9F791CEC2C5A007B7831 /* CoreLocation.framework */; };
		F79C9F7C1CEC2C65007B7831 /* MessageUI.framework in Frameworks */ = {isa = PBXBuildFile; fileRef = F79C9F7B1CEC2C65007B7831 /* MessageUI.framework */; };
		F79C9F861CEC2C94007B7831 /* UIKit.framework in Frameworks */ = {isa = PBXBuildFile; fileRef = F79C9F851CEC2C94007B7831 /* UIKit.framework */; };
		F79EDB901CEDC03E006BE99D /* EmergencyLocation.swift in Sources */ = {isa = PBXBuildFile; fileRef = F79EDB8F1CEDC03D006BE99D /* EmergencyLocation.swift */; };
		F79EDB921CEF3601006BE99D /* Pin.swift in Sources */ = {isa = PBXBuildFile; fileRef = F79EDB911CEF3601006BE99D /* Pin.swift */; };
		F7DB7C9B1CD9A73B00B54CBC /* AppDelegate.swift in Sources */ = {isa = PBXBuildFile; fileRef = F7DB7C8A1CD9A73B00B54CBC /* AppDelegate.swift */; };
		F7DB7C9C1CD9A73B00B54CBC /* AsEmergencyContactVC.swift in Sources */ = {isa = PBXBuildFile; fileRef = F7DB7C8B1CD9A73B00B54CBC /* AsEmergencyContactVC.swift */; };
		F7DB7C9D1CD9A73B00B54CBC /* Button.swift in Sources */ = {isa = PBXBuildFile; fileRef = F7DB7C8C1CD9A73B00B54CBC /* Button.swift */; };
		F7DB7C9E1CD9A73B00B54CBC /* CircleButton.swift in Sources */ = {isa = PBXBuildFile; fileRef = F7DB7C8D1CD9A73B00B54CBC /* CircleButton.swift */; };
		F7DB7C9F1CD9A73B00B54CBC /* Contacts.swift in Sources */ = {isa = PBXBuildFile; fileRef = F7DB7C8E1CD9A73B00B54CBC /* Contacts.swift */; };
		F7DB7CA01CD9A73B00B54CBC /* LogInViewController.swift in Sources */ = {isa = PBXBuildFile; fileRef = F7DB7C901CD9A73B00B54CBC /* LogInViewController.swift */; };
		F7DB7CA11CD9A73B00B54CBC /* MenuDrawer.swift in Sources */ = {isa = PBXBuildFile; fileRef = F7DB7C911CD9A73B00B54CBC /* MenuDrawer.swift */; };
		F7DB7CA21CD9A73B00B54CBC /* Register.swift in Sources */ = {isa = PBXBuildFile; fileRef = F7DB7C921CD9A73B00B54CBC /* Register.swift */; };
		F7DB7CA31CD9A73B00B54CBC /* ViewController.swift in Sources */ = {isa = PBXBuildFile; fileRef = F7DB7C931CD9A73B00B54CBC /* ViewController.swift */; };
		F7DB7CA41CD9A73B00B54CBC /* ViewController_PhoneNumbers.swift in Sources */ = {isa = PBXBuildFile; fileRef = F7DB7C941CD9A73B00B54CBC /* ViewController_PhoneNumbers.swift */; };
		F7DB7CA51CD9A73B00B54CBC /* App_Icon_60pts@3x.png in Resources */ = {isa = PBXBuildFile; fileRef = F7DB7C971CD9A73B00B54CBC /* App_Icon_60pts@3x.png */; };
		F7DB7CA61CD9A73B00B54CBC /* Database.swift in Sources */ = {isa = PBXBuildFile; fileRef = F7DB7C991CD9A73B00B54CBC /* Database.swift */; };
/* End PBXBuildFile section */

/* Begin PBXContainerItemProxy section */
		48EC6F4D1C44A73D00A88818 /* PBXContainerItemProxy */ = {
			isa = PBXContainerItemProxy;
			containerPortal = 48EC6F301C44A73D00A88818 /* Project object */;
			proxyType = 1;
			remoteGlobalIDString = 48EC6F371C44A73D00A88818;
			remoteInfo = EmergencyApplication;
		};
/* End PBXContainerItemProxy section */

/* Begin PBXFileReference section */
		0DAF71DD301C1D7934AE00F8 /* Pods-EmergencyApplication.debug.xcconfig */ = {isa = PBXFileReference; includeInIndex = 1; lastKnownFileType = text.xcconfig; name = "Pods-EmergencyApplication.debug.xcconfig"; path = "Pods/Target Support Files/Pods-EmergencyApplication/Pods-EmergencyApplication.debug.xcconfig"; sourceTree = "<group>"; };
		2A6BAF3C02EA09C4BA42F26F /* Pods-EmergencyApplication.release.xcconfig */ = {isa = PBXFileReference; includeInIndex = 1; lastKnownFileType = text.xcconfig; name = "Pods-EmergencyApplication.release.xcconfig"; path = "Pods/Target Support Files/Pods-EmergencyApplication/Pods-EmergencyApplication.release.xcconfig"; sourceTree = "<group>"; };
		468CD30FABBDAE5DD640445A /* Pods_EmergencyApplication.framework */ = {isa = PBXFileReference; explicitFileType = wrapper.framework; includeInIndex = 0; path = Pods_EmergencyApplication.framework; sourceTree = BUILT_PRODUCTS_DIR; };
		486DF33E1C9A4A04002B4910 /* Contacts.framework */ = {isa = PBXFileReference; lastKnownFileType = wrapper.framework; name = Contacts.framework; path = System/Library/Frameworks/Contacts.framework; sourceTree = SDKROOT; };
		487B1B1F1CAA0DF300EB4EF4 /* libsqlite3.0.tbd */ = {isa = PBXFileReference; lastKnownFileType = "sourcecode.text-based-dylib-definition"; name = libsqlite3.0.tbd; path = usr/lib/libsqlite3.0.tbd; sourceTree = SDKROOT; };
		48EC6F381C44A73D00A88818 /* EmergencyApplication.app */ = {isa = PBXFileReference; explicitFileType = wrapper.application; includeInIndex = 0; path = EmergencyApplication.app; sourceTree = BUILT_PRODUCTS_DIR; };
		48EC6F401C44A73D00A88818 /* Base */ = {isa = PBXFileReference; lastKnownFileType = file.storyboard; name = Base; path = Base.lproj/Main.storyboard; sourceTree = "<group>"; };
		48EC6F421C44A73D00A88818 /* Assets.xcassets */ = {isa = PBXFileReference; lastKnownFileType = folder.assetcatalog; path = Assets.xcassets; sourceTree = "<group>"; };
		48EC6F451C44A73D00A88818 /* Base */ = {isa = PBXFileReference; lastKnownFileType = file.storyboard; name = Base; path = Base.lproj/LaunchScreen.storyboard; sourceTree = "<group>"; };
		48EC6F471C44A73D00A88818 /* Info.plist */ = {isa = PBXFileReference; lastKnownFileType = text.plist.xml; path = Info.plist; sourceTree = "<group>"; };
		48EC6F4C1C44A73D00A88818 /* EmergencyApplicationTests.xctest */ = {isa = PBXFileReference; explicitFileType = wrapper.cfbundle; includeInIndex = 0; path = EmergencyApplicationTests.xctest; sourceTree = BUILT_PRODUCTS_DIR; };
		48EC6F501C44A73D00A88818 /* EmergencyApplicationTests.swift */ = {isa = PBXFileReference; lastKnownFileType = sourcecode.swift; path = EmergencyApplicationTests.swift; sourceTree = "<group>"; };
		48EC6F521C44A73D00A88818 /* Info.plist */ = {isa = PBXFileReference; lastKnownFileType = text.plist.xml; path = Info.plist; sourceTree = "<group>"; };
		F73EA69C1CEABE7B0061F0CE /* GoogleService-Info.plist */ = {isa = PBXFileReference; fileEncoding = 4; lastKnownFileType = text.plist.xml; path = "GoogleService-Info.plist"; sourceTree = "<group>"; };
		F79C9F771CEC2C48007B7831 /* MobileCoreServices.framework */ = {isa = PBXFileReference; lastKnownFileType = wrapper.framework; name = MobileCoreServices.framework; path = System/Library/Frameworks/MobileCoreServices.framework; sourceTree = SDKROOT; };
		F79C9F791CEC2C5A007B7831 /* CoreLocation.framework */ = {isa = PBXFileReference; lastKnownFileType = wrapper.framework; name = CoreLocation.framework; path = System/Library/Frameworks/CoreLocation.framework; sourceTree = SDKROOT; };
		F79C9F7B1CEC2C65007B7831 /* MessageUI.framework */ = {isa = PBXFileReference; lastKnownFileType = wrapper.framework; name = MessageUI.framework; path = System/Library/Frameworks/MessageUI.framework; sourceTree = SDKROOT; };
		F79C9F7D1CEC2C6B007B7831 /* AssetsLibrary.framework */ = {isa = PBXFileReference; lastKnownFileType = wrapper.framework; name = AssetsLibrary.framework; path = System/Library/Frameworks/AssetsLibrary.framework; sourceTree = SDKROOT; };
		F79C9F7F1CEC2C71007B7831 /* SystemConfiguration.framework */ = {isa = PBXFileReference; lastKnownFileType = wrapper.framework; name = SystemConfiguration.framework; path = System/Library/Frameworks/SystemConfiguration.framework; sourceTree = SDKROOT; };
		F79C9F811CEC2C89007B7831 /* Security.framework */ = {isa = PBXFileReference; lastKnownFileType = wrapper.framework; name = Security.framework; path = System/Library/Frameworks/Security.framework; sourceTree = SDKROOT; };
		F79C9F831CEC2C8E007B7831 /* Foundation.framework */ = {isa = PBXFileReference; lastKnownFileType = wrapper.framework; name = Foundation.framework; path = System/Library/Frameworks/Foundation.framework; sourceTree = SDKROOT; };
		F79C9F851CEC2C94007B7831 /* UIKit.framework */ = {isa = PBXFileReference; lastKnownFileType = wrapper.framework; name = UIKit.framework; path = System/Library/Frameworks/UIKit.framework; sourceTree = SDKROOT; };
		F79C9F871CEC2CA9007B7831 /* Social.framework */ = {isa = PBXFileReference; lastKnownFileType = wrapper.framework; name = Social.framework; path = System/Library/Frameworks/Social.framework; sourceTree = SDKROOT; };
		F79C9F891CEC2DA7007B7831 /* StoreKit.framework */ = {isa = PBXFileReference; lastKnownFileType = wrapper.framework; name = StoreKit.framework; path = System/Library/Frameworks/StoreKit.framework; sourceTree = SDKROOT; };
		F79EDB8F1CEDC03D006BE99D /* EmergencyLocation.swift */ = {isa = PBXFileReference; fileEncoding = 4; lastKnownFileType = sourcecode.swift; path = EmergencyLocation.swift; sourceTree = "<group>"; };
		F79EDB911CEF3601006BE99D /* Pin.swift */ = {isa = PBXFileReference; fileEncoding = 4; lastKnownFileType = sourcecode.swift; path = Pin.swift; sourceTree = "<group>"; };
		F7A6CAA71CD9F5E3009B9AFB /* EmergencyApplication-Bridging-Header.h */ = {isa = PBXFileReference; fileEncoding = 4; lastKnownFileType = sourcecode.c.h; path = "EmergencyApplication-Bridging-Header.h"; sourceTree = "<group>"; };
		F7DB7C8A1CD9A73B00B54CBC /* AppDelegate.swift */ = {isa = PBXFileReference; fileEncoding = 4; lastKnownFileType = sourcecode.swift; path = AppDelegate.swift; sourceTree = "<group>"; };
		F7DB7C8B1CD9A73B00B54CBC /* AsEmergencyContactVC.swift */ = {isa = PBXFileReference; fileEncoding = 4; lastKnownFileType = sourcecode.swift; path = AsEmergencyContactVC.swift; sourceTree = "<group>"; };
		F7DB7C8C1CD9A73B00B54CBC /* Button.swift */ = {isa = PBXFileReference; fileEncoding = 4; lastKnownFileType = sourcecode.swift; path = Button.swift; sourceTree = "<group>"; };
		F7DB7C8D1CD9A73B00B54CBC /* CircleButton.swift */ = {isa = PBXFileReference; fileEncoding = 4; lastKnownFileType = sourcecode.swift; path = CircleButton.swift; sourceTree = "<group>"; };
		F7DB7C8E1CD9A73B00B54CBC /* Contacts.swift */ = {isa = PBXFileReference; fileEncoding = 4; lastKnownFileType = sourcecode.swift; path = Contacts.swift; sourceTree = "<group>"; };
		F7DB7C901CD9A73B00B54CBC /* LogInViewController.swift */ = {isa = PBXFileReference; fileEncoding = 4; lastKnownFileType = sourcecode.swift; path = LogInViewController.swift; sourceTree = "<group>"; };
		F7DB7C911CD9A73B00B54CBC /* MenuDrawer.swift */ = {isa = PBXFileReference; fileEncoding = 4; lastKnownFileType = sourcecode.swift; path = MenuDrawer.swift; sourceTree = "<group>"; };
		F7DB7C921CD9A73B00B54CBC /* Register.swift */ = {isa = PBXFileReference; fileEncoding = 4; lastKnownFileType = sourcecode.swift; path = Register.swift; sourceTree = "<group>"; };
		F7DB7C931CD9A73B00B54CBC /* ViewController.swift */ = {isa = PBXFileReference; fileEncoding = 4; lastKnownFileType = sourcecode.swift; path = ViewController.swift; sourceTree = "<group>"; };
		F7DB7C941CD9A73B00B54CBC /* ViewController_PhoneNumbers.swift */ = {isa = PBXFileReference; fileEncoding = 4; lastKnownFileType = sourcecode.swift; path = ViewController_PhoneNumbers.swift; sourceTree = "<group>"; };
		F7DB7C971CD9A73B00B54CBC /* App_Icon_60pts@3x.png */ = {isa = PBXFileReference; lastKnownFileType = image.png; path = "App_Icon_60pts@3x.png"; sourceTree = "<group>"; };
		F7DB7C991CD9A73B00B54CBC /* Database.swift */ = {isa = PBXFileReference; fileEncoding = 4; lastKnownFileType = sourcecode.swift; path = Database.swift; sourceTree = "<group>"; };
/* End PBXFileReference section */

/* Begin PBXFrameworksBuildPhase section */
		48EC6F351C44A73D00A88818 /* Frameworks */ = {
			isa = PBXFrameworksBuildPhase;
			buildActionMask = 2147483647;
			files = (
				F79C9F861CEC2C94007B7831 /* UIKit.framework in Frameworks */,
				F79C9F7C1CEC2C65007B7831 /* MessageUI.framework in Frameworks */,
				F79C9F7A1CEC2C5A007B7831 /* CoreLocation.framework in Frameworks */,
				487B1B201CAA0DF300EB4EF4 /* libsqlite3.0.tbd in Frameworks */,
				486DF33F1C9A4A04002B4910 /* Contacts.framework in Frameworks */,
				DC0B730D36EF2E700365EE20 /* Pods_EmergencyApplication.framework in Frameworks */,
			);
			runOnlyForDeploymentPostprocessing = 0;
		};
		48EC6F491C44A73D00A88818 /* Frameworks */ = {
			isa = PBXFrameworksBuildPhase;
			buildActionMask = 2147483647;
			files = (
			);
			runOnlyForDeploymentPostprocessing = 0;
		};
/* End PBXFrameworksBuildPhase section */

/* Begin PBXGroup section */
		48EC6F2F1C44A73D00A88818 = {
			isa = PBXGroup;
			children = (
				487B1B1F1CAA0DF300EB4EF4 /* libsqlite3.0.tbd */,
				486DF33E1C9A4A04002B4910 /* Contacts.framework */,
				48EC6F3A1C44A73D00A88818 /* EmergencyApplication */,
				48EC6F4F1C44A73D00A88818 /* EmergencyApplicationTests */,
				48EC6F391C44A73D00A88818 /* Products */,
				500D870E5D55DA103C7BC4F0 /* Frameworks */,
				9D858C9D568DEBA85C362E19 /* Pods */,
			);
			sourceTree = "<group>";
		};
		48EC6F391C44A73D00A88818 /* Products */ = {
			isa = PBXGroup;
			children = (
				48EC6F381C44A73D00A88818 /* EmergencyApplication.app */,
				48EC6F4C1C44A73D00A88818 /* EmergencyApplicationTests.xctest */,
			);
			name = Products;
			sourceTree = "<group>";
		};
		48EC6F3A1C44A73D00A88818 /* EmergencyApplication */ = {
			isa = PBXGroup;
			children = (
				F7A6CAA71CD9F5E3009B9AFB /* EmergencyApplication-Bridging-Header.h */,
				F7DB7C891CD9A73B00B54CBC /* Controller */,
				F7DB7C951CD9A73B00B54CBC /* Model */,
				F7DB7C961CD9A73B00B54CBC /* Resources */,
				F7DB7C981CD9A73B00B54CBC /* Third Party Lib */,
				F7DB7C9A1CD9A73B00B54CBC /* View */,
				48EC6F421C44A73D00A88818 /* Assets.xcassets */,
				48EC6F471C44A73D00A88818 /* Info.plist */,
				F73EA69C1CEABE7B0061F0CE /* GoogleService-Info.plist */,
			);
			path = EmergencyApplication;
			sourceTree = "<group>";
		};
		48EC6F4F1C44A73D00A88818 /* EmergencyApplicationTests */ = {
			isa = PBXGroup;
			children = (
				48EC6F501C44A73D00A88818 /* EmergencyApplicationTests.swift */,
				48EC6F521C44A73D00A88818 /* Info.plist */,
			);
			path = EmergencyApplicationTests;
			sourceTree = "<group>";
		};
		500D870E5D55DA103C7BC4F0 /* Frameworks */ = {
			isa = PBXGroup;
			children = (
				F79C9F891CEC2DA7007B7831 /* StoreKit.framework */,
				F79C9F871CEC2CA9007B7831 /* Social.framework */,
				F79C9F851CEC2C94007B7831 /* UIKit.framework */,
				F79C9F831CEC2C8E007B7831 /* Foundation.framework */,
				F79C9F811CEC2C89007B7831 /* Security.framework */,
				F79C9F7F1CEC2C71007B7831 /* SystemConfiguration.framework */,
				F79C9F7D1CEC2C6B007B7831 /* AssetsLibrary.framework */,
				F79C9F7B1CEC2C65007B7831 /* MessageUI.framework */,
				F79C9F791CEC2C5A007B7831 /* CoreLocation.framework */,
				F79C9F771CEC2C48007B7831 /* MobileCoreServices.framework */,
				468CD30FABBDAE5DD640445A /* Pods_EmergencyApplication.framework */,
			);
			name = Frameworks;
			sourceTree = "<group>";
		};
		9D858C9D568DEBA85C362E19 /* Pods */ = {
			isa = PBXGroup;
			children = (
				0DAF71DD301C1D7934AE00F8 /* Pods-EmergencyApplication.debug.xcconfig */,
				2A6BAF3C02EA09C4BA42F26F /* Pods-EmergencyApplication.release.xcconfig */,
			);
			name = Pods;
			sourceTree = "<group>";
		};
		F7DB7C891CD9A73B00B54CBC /* Controller */ = {
			isa = PBXGroup;
			children = (
				F7DB7C8A1CD9A73B00B54CBC /* AppDelegate.swift */,
				F79EDB911CEF3601006BE99D /* Pin.swift */,
				F79EDB8F1CEDC03D006BE99D /* EmergencyLocation.swift */,
				F7DB7C8B1CD9A73B00B54CBC /* AsEmergencyContactVC.swift */,
				F7DB7C8C1CD9A73B00B54CBC /* Button.swift */,
				F7DB7C8D1CD9A73B00B54CBC /* CircleButton.swift */,
				F7DB7C8E1CD9A73B00B54CBC /* Contacts.swift */,
				F7DB7C901CD9A73B00B54CBC /* LogInViewController.swift */,
				F7DB7C911CD9A73B00B54CBC /* MenuDrawer.swift */,
				F7DB7C921CD9A73B00B54CBC /* Register.swift */,
				F7DB7C931CD9A73B00B54CBC /* ViewController.swift */,
				F7DB7C941CD9A73B00B54CBC /* ViewController_PhoneNumbers.swift */,
			);
			path = Controller;
			sourceTree = "<group>";
		};
		F7DB7C951CD9A73B00B54CBC /* Model */ = {
			isa = PBXGroup;
			children = (
			);
			path = Model;
			sourceTree = "<group>";
		};
		F7DB7C961CD9A73B00B54CBC /* Resources */ = {
			isa = PBXGroup;
			children = (
				F7DB7C971CD9A73B00B54CBC /* App_Icon_60pts@3x.png */,
			);
			path = Resources;
			sourceTree = "<group>";
		};
		F7DB7C981CD9A73B00B54CBC /* Third Party Lib */ = {
			isa = PBXGroup;
			children = (
				F7DB7C991CD9A73B00B54CBC /* Database.swift */,
			);
			path = "Third Party Lib";
			sourceTree = "<group>";
		};
		F7DB7C9A1CD9A73B00B54CBC /* View */ = {
			isa = PBXGroup;
			children = (
				48EC6F3F1C44A73D00A88818 /* Main.storyboard */,
				48EC6F441C44A73D00A88818 /* LaunchScreen.storyboard */,
			);
			path = View;
			sourceTree = "<group>";
		};
/* End PBXGroup section */

/* Begin PBXNativeTarget section */
		48EC6F371C44A73D00A88818 /* EmergencyApplication */ = {
			isa = PBXNativeTarget;
			buildConfigurationList = 48EC6F551C44A73D00A88818 /* Build configuration list for PBXNativeTarget "EmergencyApplication" */;
			buildPhases = (
				DBF0E1033DFFC2735FD11BE1 /* Check Pods Manifest.lock */,
				48EC6F341C44A73D00A88818 /* Sources */,
				48EC6F351C44A73D00A88818 /* Frameworks */,
				48EC6F361C44A73D00A88818 /* Resources */,
				520A5AB21E15A5ED215DFF8E /* Embed Pods Frameworks */,
				1DF39DF495DB097BD3EFF210 /* Copy Pods Resources */,
			);
			buildRules = (
			);
			dependencies = (
			);
			name = EmergencyApplication;
			productName = EmergencyApplication;
			productReference = 48EC6F381C44A73D00A88818 /* EmergencyApplication.app */;
			productType = "com.apple.product-type.application";
		};
		48EC6F4B1C44A73D00A88818 /* EmergencyApplicationTests */ = {
			isa = PBXNativeTarget;
			buildConfigurationList = 48EC6F581C44A73D00A88818 /* Build configuration list for PBXNativeTarget "EmergencyApplicationTests" */;
			buildPhases = (
				48EC6F481C44A73D00A88818 /* Sources */,
				48EC6F491C44A73D00A88818 /* Frameworks */,
				48EC6F4A1C44A73D00A88818 /* Resources */,
			);
			buildRules = (
			);
			dependencies = (
				48EC6F4E1C44A73D00A88818 /* PBXTargetDependency */,
			);
			name = EmergencyApplicationTests;
			productName = EmergencyApplicationTests;
			productReference = 48EC6F4C1C44A73D00A88818 /* EmergencyApplicationTests.xctest */;
			productType = "com.apple.product-type.bundle.unit-test";
		};
/* End PBXNativeTarget section */

/* Begin PBXProject section */
		48EC6F301C44A73D00A88818 /* Project object */ = {
			isa = PBXProject;
			attributes = {
				LastSwiftUpdateCheck = 0700;
				LastUpgradeCheck = 0700;
				ORGANIZATIONNAME = "Aditya  Bhandari";
				TargetAttributes = {
					48EC6F371C44A73D00A88818 = {
						CreatedOnToolsVersion = 7.0.1;
						DevelopmentTeam = P87L74H9YS;
						SystemCapabilities = {
							com.apple.BackgroundModes = {
								enabled = 1;
							};
						};
					};
					48EC6F4B1C44A73D00A88818 = {
						CreatedOnToolsVersion = 7.0.1;
						DevelopmentTeam = Z95G3L4JRK;
						TestTargetID = 48EC6F371C44A73D00A88818;
					};
				};
			};
			buildConfigurationList = 48EC6F331C44A73D00A88818 /* Build configuration list for PBXProject "EmergencyApplication" */;
			compatibilityVersion = "Xcode 3.2";
			developmentRegion = English;
			hasScannedForEncodings = 0;
			knownRegions = (
				en,
				Base,
			);
			mainGroup = 48EC6F2F1C44A73D00A88818;
			productRefGroup = 48EC6F391C44A73D00A88818 /* Products */;
			projectDirPath = "";
			projectRoot = "";
			targets = (
				48EC6F371C44A73D00A88818 /* EmergencyApplication */,
				48EC6F4B1C44A73D00A88818 /* EmergencyApplicationTests */,
			);
		};
/* End PBXProject section */

/* Begin PBXResourcesBuildPhase section */
		48EC6F361C44A73D00A88818 /* Resources */ = {
			isa = PBXResourcesBuildPhase;
			buildActionMask = 2147483647;
			files = (
				F7DB7CA51CD9A73B00B54CBC /* App_Icon_60pts@3x.png in Resources */,
				48EC6F461C44A73D00A88818 /* LaunchScreen.storyboard in Resources */,
				F73EA69D1CEABE7B0061F0CE /* GoogleService-Info.plist in Resources */,
				48EC6F431C44A73D00A88818 /* Assets.xcassets in Resources */,
				48EC6F411C44A73D00A88818 /* Main.storyboard in Resources */,
			);
			runOnlyForDeploymentPostprocessing = 0;
		};
		48EC6F4A1C44A73D00A88818 /* Resources */ = {
			isa = PBXResourcesBuildPhase;
			buildActionMask = 2147483647;
			files = (
			);
			runOnlyForDeploymentPostprocessing = 0;
		};
/* End PBXResourcesBuildPhase section */

/* Begin PBXShellScriptBuildPhase section */
		1DF39DF495DB097BD3EFF210 /* Copy Pods Resources */ = {
			isa = PBXShellScriptBuildPhase;
			buildActionMask = 2147483647;
			files = (
			);
			inputPaths = (
			);
			name = "Copy Pods Resources";
			outputPaths = (
			);
			runOnlyForDeploymentPostprocessing = 0;
			shellPath = /bin/sh;
			shellScript = "\"${SRCROOT}/Pods/Target Support Files/Pods-EmergencyApplication/Pods-EmergencyApplication-resources.sh\"\n";
			showEnvVarsInLog = 0;
		};
		520A5AB21E15A5ED215DFF8E /* Embed Pods Frameworks */ = {
			isa = PBXShellScriptBuildPhase;
			buildActionMask = 2147483647;
			files = (
			);
			inputPaths = (
			);
			name = "Embed Pods Frameworks";
			outputPaths = (
			);
			runOnlyForDeploymentPostprocessing = 0;
			shellPath = /bin/sh;
			shellScript = "\"${SRCROOT}/Pods/Target Support Files/Pods-EmergencyApplication/Pods-EmergencyApplication-frameworks.sh\"\n";
			showEnvVarsInLog = 0;
		};
		DBF0E1033DFFC2735FD11BE1 /* Check Pods Manifest.lock */ = {
			isa = PBXShellScriptBuildPhase;
			buildActionMask = 2147483647;
			files = (
			);
			inputPaths = (
			);
			name = "Check Pods Manifest.lock";
			outputPaths = (
			);
			runOnlyForDeploymentPostprocessing = 0;
			shellPath = /bin/sh;
			shellScript = "diff \"${PODS_ROOT}/../Podfile.lock\" \"${PODS_ROOT}/Manifest.lock\" > /dev/null\nif [[ $? != 0 ]] ; then\n    cat << EOM\nerror: The sandbox is not in sync with the Podfile.lock. Run 'pod install' or update your CocoaPods installation.\nEOM\n    exit 1\nfi\n";
			showEnvVarsInLog = 0;
		};
/* End PBXShellScriptBuildPhase section */

/* Begin PBXSourcesBuildPhase section */
		48EC6F341C44A73D00A88818 /* Sources */ = {
			isa = PBXSourcesBuildPhase;
			buildActionMask = 2147483647;
			files = (
				F7DB7C9B1CD9A73B00B54CBC /* AppDelegate.swift in Sources */,
				F7DB7CA61CD9A73B00B54CBC /* Database.swift in Sources */,
				F7DB7C9D1CD9A73B00B54CBC /* Button.swift in Sources */,
				F7DB7CA11CD9A73B00B54CBC /* MenuDrawer.swift in Sources */,
				F7DB7CA31CD9A73B00B54CBC /* ViewController.swift in Sources */,
				F7DB7CA01CD9A73B00B54CBC /* LogInViewController.swift in Sources */,
				F79EDB921CEF3601006BE99D /* Pin.swift in Sources */,
				F79EDB901CEDC03E006BE99D /* EmergencyLocation.swift in Sources */,
				F7DB7C9C1CD9A73B00B54CBC /* AsEmergencyContactVC.swift in Sources */,
				F7DB7C9E1CD9A73B00B54CBC /* CircleButton.swift in Sources */,
				F7DB7CA21CD9A73B00B54CBC /* Register.swift in Sources */,
				F7DB7CA41CD9A73B00B54CBC /* ViewController_PhoneNumbers.swift in Sources */,
				F7DB7C9F1CD9A73B00B54CBC /* Contacts.swift in Sources */,
			);
			runOnlyForDeploymentPostprocessing = 0;
		};
		48EC6F481C44A73D00A88818 /* Sources */ = {
			isa = PBXSourcesBuildPhase;
			buildActionMask = 2147483647;
			files = (
				48EC6F511C44A73D00A88818 /* EmergencyApplicationTests.swift in Sources */,
			);
			runOnlyForDeploymentPostprocessing = 0;
		};
/* End PBXSourcesBuildPhase section */

/* Begin PBXTargetDependency section */
		48EC6F4E1C44A73D00A88818 /* PBXTargetDependency */ = {
			isa = PBXTargetDependency;
			target = 48EC6F371C44A73D00A88818 /* EmergencyApplication */;
			targetProxy = 48EC6F4D1C44A73D00A88818 /* PBXContainerItemProxy */;
		};
/* End PBXTargetDependency section */

/* Begin PBXVariantGroup section */
		48EC6F3F1C44A73D00A88818 /* Main.storyboard */ = {
			isa = PBXVariantGroup;
			children = (
				48EC6F401C44A73D00A88818 /* Base */,
			);
			name = Main.storyboard;
			path = ..;
			sourceTree = "<group>";
		};
		48EC6F441C44A73D00A88818 /* LaunchScreen.storyboard */ = {
			isa = PBXVariantGroup;
			children = (
				48EC6F451C44A73D00A88818 /* Base */,
			);
			name = LaunchScreen.storyboard;
			path = ..;
			sourceTree = "<group>";
		};
/* End PBXVariantGroup section */

/* Begin XCBuildConfiguration section */
		48EC6F531C44A73D00A88818 /* Debug */ = {
			isa = XCBuildConfiguration;
			buildSettings = {
				ALWAYS_SEARCH_USER_PATHS = NO;
				CLANG_CXX_LANGUAGE_STANDARD = "gnu++0x";
				CLANG_CXX_LIBRARY = "libc++";
				CLANG_ENABLE_MODULES = YES;
				CLANG_ENABLE_OBJC_ARC = YES;
				CLANG_WARN_BOOL_CONVERSION = YES;
				CLANG_WARN_CONSTANT_CONVERSION = YES;
				CLANG_WARN_DIRECT_OBJC_ISA_USAGE = YES_ERROR;
				CLANG_WARN_EMPTY_BODY = YES;
				CLANG_WARN_ENUM_CONVERSION = YES;
				CLANG_WARN_INT_CONVERSION = YES;
				CLANG_WARN_OBJC_ROOT_CLASS = YES_ERROR;
				CLANG_WARN_UNREACHABLE_CODE = YES;
				CLANG_WARN__DUPLICATE_METHOD_MATCH = YES;
				CODE_SIGN_IDENTITY = "iPhone Developer: Aditya Bhandari (623T8KU762)";
				"CODE_SIGN_IDENTITY[sdk=iphoneos*]" = "iPhone Developer: Aditya Bhandari (623T8KU762)";
				COPY_PHASE_STRIP = NO;
				DEBUG_INFORMATION_FORMAT = dwarf;
				ENABLE_STRICT_OBJC_MSGSEND = YES;
				ENABLE_TESTABILITY = YES;
				GCC_C_LANGUAGE_STANDARD = gnu99;
				GCC_DYNAMIC_NO_PIC = NO;
				GCC_NO_COMMON_BLOCKS = YES;
				GCC_OPTIMIZATION_LEVEL = 0;
				GCC_PREPROCESSOR_DEFINITIONS = (
					"DEBUG=1",
					"$(inherited)",
				);
				GCC_WARN_64_TO_32_BIT_CONVERSION = YES;
				GCC_WARN_ABOUT_RETURN_TYPE = YES_ERROR;
				GCC_WARN_UNDECLARED_SELECTOR = YES;
				GCC_WARN_UNINITIALIZED_AUTOS = YES_AGGRESSIVE;
				GCC_WARN_UNUSED_FUNCTION = YES;
				GCC_WARN_UNUSED_VARIABLE = YES;
				IPHONEOS_DEPLOYMENT_TARGET = 9.0;
				MTL_ENABLE_DEBUG_INFO = YES;
				ONLY_ACTIVE_ARCH = YES;
				PROVISIONING_PROFILE = "0c70bc1f-59dc-49f9-9ed1-7ef5b38a9739";
				SDKROOT = iphoneos;
				SWIFT_OPTIMIZATION_LEVEL = "-Onone";
				TARGETED_DEVICE_FAMILY = "1,2";
			};
			name = Debug;
		};
		48EC6F541C44A73D00A88818 /* Release */ = {
			isa = XCBuildConfiguration;
			buildSettings = {
				ALWAYS_SEARCH_USER_PATHS = NO;
				CLANG_CXX_LANGUAGE_STANDARD = "gnu++0x";
				CLANG_CXX_LIBRARY = "libc++";
				CLANG_ENABLE_MODULES = YES;
				CLANG_ENABLE_OBJC_ARC = YES;
				CLANG_WARN_BOOL_CONVERSION = YES;
				CLANG_WARN_CONSTANT_CONVERSION = YES;
				CLANG_WARN_DIRECT_OBJC_ISA_USAGE = YES_ERROR;
				CLANG_WARN_EMPTY_BODY = YES;
				CLANG_WARN_ENUM_CONVERSION = YES;
				CLANG_WARN_INT_CONVERSION = YES;
				CLANG_WARN_OBJC_ROOT_CLASS = YES_ERROR;
				CLANG_WARN_UNREACHABLE_CODE = YES;
				CLANG_WARN__DUPLICATE_METHOD_MATCH = YES;
				CODE_SIGN_IDENTITY = "iPhone Developer: Aditya Bhandari (623T8KU762)";
				"CODE_SIGN_IDENTITY[sdk=iphoneos*]" = "iPhone Developer: Aditya Bhandari (623T8KU762)";
				COPY_PHASE_STRIP = NO;
				DEBUG_INFORMATION_FORMAT = "dwarf-with-dsym";
				ENABLE_NS_ASSERTIONS = NO;
				ENABLE_STRICT_OBJC_MSGSEND = YES;
				GCC_C_LANGUAGE_STANDARD = gnu99;
				GCC_NO_COMMON_BLOCKS = YES;
				GCC_WARN_64_TO_32_BIT_CONVERSION = YES;
				GCC_WARN_ABOUT_RETURN_TYPE = YES_ERROR;
				GCC_WARN_UNDECLARED_SELECTOR = YES;
				GCC_WARN_UNINITIALIZED_AUTOS = YES_AGGRESSIVE;
				GCC_WARN_UNUSED_FUNCTION = YES;
				GCC_WARN_UNUSED_VARIABLE = YES;
				IPHONEOS_DEPLOYMENT_TARGET = 9.0;
				MTL_ENABLE_DEBUG_INFO = NO;
				PROVISIONING_PROFILE = "0c70bc1f-59dc-49f9-9ed1-7ef5b38a9739";
				SDKROOT = iphoneos;
				TARGETED_DEVICE_FAMILY = "1,2";
				VALIDATE_PRODUCT = YES;
			};
			name = Release;
		};
		48EC6F561C44A73D00A88818 /* Debug */ = {
			isa = XCBuildConfiguration;
			baseConfigurationReference = 0DAF71DD301C1D7934AE00F8 /* Pods-EmergencyApplication.debug.xcconfig */;
			buildSettings = {
				ASSETCATALOG_COMPILER_APPICON_NAME = AppIcon;
				CLANG_ENABLE_MODULES = YES;
				CODE_SIGN_IDENTITY = "iPhone Developer: Aditya Bhandari (623T8KU762)";
				"CODE_SIGN_IDENTITY[sdk=iphoneos*]" = "iPhone Developer: Aditya Bhandari (623T8KU762)";
				FRAMEWORK_SEARCH_PATHS = (
					"$(inherited)",
					"$(PROJECT_DIR)/EmergencyApplication/Third",
					Party,
					Lib/GoogleInterchangeUtilities/Frameworks,
					"$(PROJECT_DIR)/EmergencyApplication/Third",
					Party,
					Lib/GoogleIPhoneUtilities/Frameworks,
					"$(PROJECT_DIR)/EmergencyApplication/Third",
					Party,
					Lib/GoogleNetworkingUtilities/Frameworks,
					"$(PROJECT_DIR)/EmergencyApplication/Third",
					Party,
					Lib/GoogleSymbolUtilities/Frameworks,
					"$(PROJECT_DIR)/EmergencyApplication/Third",
					Party,
					Lib/GoogleUtilities/Frameworks,
				);
				INFOPLIST_FILE = EmergencyApplication/Info.plist;
				IPHONEOS_DEPLOYMENT_TARGET = 9.0;
				LD_RUNPATH_SEARCH_PATHS = "$(inherited) @executable_path/Frameworks";
				LIBRARY_SEARCH_PATHS = (
					"$(inherited)",
					"$(PROJECT_DIR)/EmergencyApplication/Third",
					Party,
					Lib/GoogleIPhoneUtilities/Libraries,
					"$(PROJECT_DIR)/EmergencyApplication/Third",
					Party,
					Lib/GoogleUtilities/Libraries,
					"$(PROJECT_DIR)/EmergencyApplication/Third",
					Party,
					Lib/GGLInstanceID/Libraries,
					"$(PROJECT_DIR)/EmergencyApplication/Third",
					Party,
					Lib/Google/Libraries,
					"$(PROJECT_DIR)/EmergencyApplication/Third",
					Party,
					Lib/GoogleSymbolUtilities/Libraries,
					"$(PROJECT_DIR)/EmergencyApplication/Third",
					Party,
					Lib/GoogleInterchangeUtilities/Libraries,
					"$(PROJECT_DIR)/EmergencyApplication/Third",
					Party,
					Lib/GoogleCloudMessaging/Libraries,
					"$(PROJECT_DIR)/EmergencyApplication/Third",
					Party,
					Lib/GoogleNetworkingUtilities/Libraries,
					"$(PROJECT_DIR)/EmergencyApplication/Third",
					Party,
					Lib/GGLInstanceID/Libraries,
					"$(PROJECT_DIR)/EmergencyApplication/Third",
					Party,
					Lib/Google/Libraries,
					"$(PROJECT_DIR)/EmergencyApplication/Third",
					Party,
					Lib/GoogleCloudMessaging/Libraries,
				);
				ONLY_ACTIVE_ARCH = YES;
				OTHER_LDFLAGS = (
					"-lsqlite3",
					"$(inherited)",
				);
				PRODUCT_BUNDLE_IDENTIFIER = com.bhandari.helpme;
				PRODUCT_NAME = "$(TARGET_NAME)";
				SDKROOT = iphoneos;
				SWIFT_OBJC_BRIDGING_HEADER = "EmergencyApplication/EmergencyApplication-Bridging-Header.h";
				SWIFT_OPTIMIZATION_LEVEL = "-Onone";
			};
			name = Debug;
		};
		48EC6F571C44A73D00A88818 /* Release */ = {
			isa = XCBuildConfiguration;
			baseConfigurationReference = 2A6BAF3C02EA09C4BA42F26F /* Pods-EmergencyApplication.release.xcconfig */;
			buildSettings = {
				ASSETCATALOG_COMPILER_APPICON_NAME = AppIcon;
				CLANG_ENABLE_MODULES = YES;
				CODE_SIGN_IDENTITY = "iPhone Developer: Aditya Bhandari (623T8KU762)";
				"CODE_SIGN_IDENTITY[sdk=iphoneos*]" = "iPhone Developer: Aditya Bhandari (623T8KU762)";
				FRAMEWORK_SEARCH_PATHS = (
					"$(inherited)",
					"$(PROJECT_DIR)/EmergencyApplication/Third",
					Party,
					Lib/GoogleInterchangeUtilities/Frameworks,
					"$(PROJECT_DIR)/EmergencyApplication/Third",
					Party,
					Lib/GoogleIPhoneUtilities/Frameworks,
					"$(PROJECT_DIR)/EmergencyApplication/Third",
					Party,
					Lib/GoogleNetworkingUtilities/Frameworks,
					"$(PROJECT_DIR)/EmergencyApplication/Third",
					Party,
					Lib/GoogleSymbolUtilities/Frameworks,
					"$(PROJECT_DIR)/EmergencyApplication/Third",
					Party,
					Lib/GoogleUtilities/Frameworks,
				);
				INFOPLIST_FILE = EmergencyApplication/Info.plist;
				IPHONEOS_DEPLOYMENT_TARGET = 9.0;
				LD_RUNPATH_SEARCH_PATHS = "$(inherited) @executable_path/Frameworks";
				LIBRARY_SEARCH_PATHS = (
					"$(inherited)",
					"$(PROJECT_DIR)/EmergencyApplication/Third",
					Party,
					Lib/GoogleIPhoneUtilities/Libraries,
					"$(PROJECT_DIR)/EmergencyApplication/Third",
					Party,
					Lib/GoogleUtilities/Libraries,
					"$(PROJECT_DIR)/EmergencyApplication/Third",
					Party,
					Lib/GGLInstanceID/Libraries,
					"$(PROJECT_DIR)/EmergencyApplication/Third",
					Party,
					Lib/Google/Libraries,
					"$(PROJECT_DIR)/EmergencyApplication/Third",
					Party,
					Lib/GoogleSymbolUtilities/Libraries,
					"$(PROJECT_DIR)/EmergencyApplication/Third",
					Party,
					Lib/GoogleInterchangeUtilities/Libraries,
					"$(PROJECT_DIR)/EmergencyApplication/Third",
					Party,
					Lib/GoogleCloudMessaging/Libraries,
					"$(PROJECT_DIR)/EmergencyApplication/Third",
					Party,
					Lib/GoogleNetworkingUtilities/Libraries,
					"$(PROJECT_DIR)/EmergencyApplication/Third",
					Party,
					Lib/GGLInstanceID/Libraries,
					"$(PROJECT_DIR)/EmergencyApplication/Third",
					Party,
					Lib/Google/Libraries,
					"$(PROJECT_DIR)/EmergencyApplication/Third",
					Party,
					Lib/GoogleCloudMessaging/Libraries,
				);
				ONLY_ACTIVE_ARCH = YES;
				OTHER_LDFLAGS = (
					"-lsqlite3",
					"$(inherited)",
				);
				PRODUCT_BUNDLE_IDENTIFIER = com.bhandari.helpme;
				PRODUCT_NAME = "$(TARGET_NAME)";
				SDKROOT = iphoneos;
				SWIFT_OBJC_BRIDGING_HEADER = "EmergencyApplication/EmergencyApplication-Bridging-Header.h";
			};
			name = Release;
		};
		48EC6F591C44A73D00A88818 /* Debug */ = {
			isa = XCBuildConfiguration;
			buildSettings = {
				BUNDLE_LOADER = "$(TEST_HOST)";
				INFOPLIST_FILE = EmergencyApplicationTests/Info.plist;
				LD_RUNPATH_SEARCH_PATHS = "$(inherited) @executable_path/Frameworks @loader_path/Frameworks";
				PRODUCT_BUNDLE_IDENTIFIER = bhandari.EmergencyApplicationTests;
				PRODUCT_NAME = "$(TARGET_NAME)";
				TEST_HOST = "$(BUILT_PRODUCTS_DIR)/EmergencyApplication.app/EmergencyApplication";
			};
			name = Debug;
		};
		48EC6F5A1C44A73D00A88818 /* Release */ = {
			isa = XCBuildConfiguration;
			buildSettings = {
				BUNDLE_LOADER = "$(TEST_HOST)";
				INFOPLIST_FILE = EmergencyApplicationTests/Info.plist;
				LD_RUNPATH_SEARCH_PATHS = "$(inherited) @executable_path/Frameworks @loader_path/Frameworks";
				PRODUCT_BUNDLE_IDENTIFIER = bhandari.EmergencyApplicationTests;
				PRODUCT_NAME = "$(TARGET_NAME)";
				TEST_HOST = "$(BUILT_PRODUCTS_DIR)/EmergencyApplication.app/EmergencyApplication";
			};
			name = Release;
		};
/* End XCBuildConfiguration section */

/* Begin XCConfigurationList section */
		48EC6F331C44A73D00A88818 /* Build configuration list for PBXProject "EmergencyApplication" */ = {
			isa = XCConfigurationList;
			buildConfigurations = (
				48EC6F531C44A73D00A88818 /* Debug */,
				48EC6F541C44A73D00A88818 /* Release */,
			);
			defaultConfigurationIsVisible = 0;
			defaultConfigurationName = Release;
		};
		48EC6F551C44A73D00A88818 /* Build configuration list for PBXNativeTarget "EmergencyApplication" */ = {
			isa = XCConfigurationList;
			buildConfigurations = (
				48EC6F561C44A73D00A88818 /* Debug */,
				48EC6F571C44A73D00A88818 /* Release */,
			);
			defaultConfigurationIsVisible = 0;
			defaultConfigurationName = Release;
		};
		48EC6F581C44A73D00A88818 /* Build configuration list for PBXNativeTarget "EmergencyApplicationTests" */ = {
			isa = XCConfigurationList;
			buildConfigurations = (
				48EC6F591C44A73D00A88818 /* Debug */,
				48EC6F5A1C44A73D00A88818 /* Release */,
			);
			defaultConfigurationIsVisible = 0;
			defaultConfigurationName = Release;
		};
/* End XCConfigurationList section */
	};
	rootObject = 48EC6F301C44A73D00A88818 /* Project object */;
}
